
Microsoft Visual Studio Solution File, Format Version 12.00
# Visual Studio Version 17
VisualStudioVersion = 17.6.33829.357
MinimumVisualStudioVersion = 10.0.40219.1
Project("{FAE04EC0-301F-11D3-BF4B-00C04F79EFBC}") = "TODO.WebApi", "TODO.WebApi\TODO.WebApi.csproj", "{5697917A-5C42-4390-A258-2255F1BF14DD}"
EndProject
Global
	GlobalSection(SolutionConfigurationPlatforms) = preSolution
		Debug|Any CPU = Debug|Any CPU
		Release|Any CPU = Release|Any CPU
	EndGlobalSection
	GlobalSection(ProjectConfigurationPlatforms) = postSolution
		{5697917A-5C42-4390-A258-2255F1BF14DD}.Debug|Any CPU.ActiveCfg = Debug|Any CPU
		{5697917A-5C42-4390-A258-2255F1BF14DD}.Debug|Any CPU.Build.0 = Debug|Any CPU
		{5697917A-5C42-4390-A258-2255F1BF14DD}.Release|Any CPU.ActiveCfg = Release|Any CPU
		{5697917A-5C42-4390-A258-2255F1BF14DD}.Release|Any CPU.Build.0 = Release|Any CPU
	EndGlobalSection
	GlobalSection(SolutionProperties) = preSolution
		HideSolutionNode = FALSE
	EndGlobalSection
	GlobalSection(ExtensibilityGlobals) = postSolution
		SolutionGuid = {25C47467-730D-40AE-BA67-1D649944A2FE}
	EndGlobalSection
EndGlobal
